<?xml version="1.0" encoding="utf-8"?>
<Project ToolsVersion="4.0" xmlns="http://schemas.microsoft.com/developer/msbuild/2003">
  <ItemGroup>
    <ClCompile Include="main.cpp" />
    <ClCompile Include="mqttWrapper.cpp" />
    <ClCompile Include="actions.c">
      <Filter>lib</Filter>
    </ClCompile>
    <ClCompile Include="callbacks.c">
      <Filter>lib</Filter>
    </ClCompile>
    <ClCompile Include="connect.c">
      <Filter>lib</Filter>
    </ClCompile>
    <ClCompile Include="handle_connack.c">
      <Filter>lib</Filter>
    </ClCompile>
    <ClCompile Include="handle_ping.c">
      <Filter>lib</Filter>
    </ClCompile>
    <ClCompile Include="handle_pubackcomp.c">
      <Filter>lib</Filter>
    </ClCompile>
    <ClCompile Include="handle_publish.c">
      <Filter>lib</Filter>
    </ClCompile>
    <ClCompile Include="handle_pubrec.c">
      <Filter>lib</Filter>
    </ClCompile>
    <ClCompile Include="handle_pubrel.c">
      <Filter>lib</Filter>
    </ClCompile>
    <ClCompile Include="handle_suback.c">
      <Filter>lib</Filter>
    </ClCompile>
    <ClCompile Include="handle_unsuback.c">
      <Filter>lib</Filter>
    </ClCompile>
    <ClCompile Include="helpers.c">
      <Filter>lib</Filter>
    </ClCompile>
    <ClCompile Include="logging_mosq.c">
      <Filter>lib</Filter>
    </ClCompile>
    <ClCompile Include="loop.c">
      <Filter>lib</Filter>
    </ClCompile>
    <ClCompile Include="memory_mosq.c">
      <Filter>lib</Filter>
    </ClCompile>
    <ClCompile Include="messages_mosq.c">
      <Filter>lib</Filter>
    </ClCompile>
    <ClCompile Include="mosquitto.c">
      <Filter>lib</Filter>
    </ClCompile>
    <ClCompile Include="mosquittopp.cpp">
      <Filter>lib</Filter>
    </ClCompile>
    <ClCompile Include="net_mosq.c">
      <Filter>lib</Filter>
    </ClCompile>
    <ClCompile Include="options.c">
      <Filter>lib</Filter>
    </ClCompile>
    <ClCompile Include="packet_mosq.c">
      <Filter>lib</Filter>
    </ClCompile>
    <ClCompile Include="read_handle.c">
      <Filter>lib</Filter>
    </ClCompile>
    <ClCompile Include="send_connect.c">
      <Filter>lib</Filter>
    </ClCompile>
    <ClCompile Include="send_disconnect.c">
      <Filter>lib</Filter>
    </ClCompile>
    <ClCompile Include="send_mosq.c">
      <Filter>lib</Filter>
    </ClCompile>
    <ClCompile Include="send_publish.c">
      <Filter>lib</Filter>
    </ClCompile>
    <ClCompile Include="send_subscribe.c">
      <Filter>lib</Filter>
    </ClCompile>
    <ClCompile Include="send_unsubscribe.c">
      <Filter>lib</Filter>
    </ClCompile>
    <ClCompile Include="socks_mosq.c">
      <Filter>lib</Filter>
    </ClCompile>
    <ClCompile Include="srv_mosq.c">
      <Filter>lib</Filter>
    </ClCompile>
    <ClCompile Include="thread_mosq.c">
      <Filter>lib</Filter>
    </ClCompile>
    <ClCompile Include="time_mosq.c">
      <Filter>lib</Filter>
    </ClCompile>
    <ClCompile Include="tls_mosq.c">
      <Filter>lib</Filter>
    </ClCompile>
    <ClCompile Include="utf8_mosq.c">
      <Filter>lib</Filter>
    </ClCompile>
    <ClCompile Include="util_mosq.c">
      <Filter>lib</Filter>
    </ClCompile>
    <ClCompile Include="will_mosq.c">
      <Filter>lib</Filter>
    </ClCompile>
  </ItemGroup>
  <ItemGroup>
    <ClInclude Include="mqttWrapper.h" />
    <ClInclude Include="config.h">
      <Filter>lib</Filter>
    </ClInclude>
    <ClInclude Include="dummypthread.h">
      <Filter>lib</Filter>
    </ClInclude>
    <ClInclude Include="logging_mosq.h">
      <Filter>lib</Filter>
    </ClInclude>
    <ClInclude Include="memory_mosq.h">
      <Filter>lib</Filter>
    </ClInclude>
    <ClInclude Include="messages_mosq.h">
      <Filter>lib</Filter>
    </ClInclude>
    <ClInclude Include="mosquitto.h">
      <Filter>lib</Filter>
    </ClInclude>
    <ClInclude Include="mosquitto_internal.h">
      <Filter>lib</Filter>
    </ClInclude>
    <ClInclude Include="mosquittopp.h">
      <Filter>lib</Filter>
    </ClInclude>
    <ClInclude Include="mqtt3_protocol.h">
      <Filter>lib</Filter>
    </ClInclude>
    <ClInclude Include="net_mosq.h">
      <Filter>lib</Filter>
    </ClInclude>
    <ClInclude Include="packet_mosq.h">
      <Filter>lib</Filter>
    </ClInclude>
    <ClInclude Include="read_handle.h">
      <Filter>lib</Filter>
    </ClInclude>
    <ClInclude Include="send_mosq.h">
      <Filter>lib</Filter>
    </ClInclude>
    <ClInclude Include="socks_mosq.h">
      <Filter>lib</Filter>
    </ClInclude>
    <ClInclude Include="time_mosq.h">
      <Filter>lib</Filter>
    </ClInclude>
    <ClInclude Include="tls_mosq.h">
      <Filter>lib</Filter>
    </ClInclude>
    <ClInclude Include="util_mosq.h">
      <Filter>lib</Filter>
    </ClInclude>
    <ClInclude Include="will_mosq.h">
      <Filter>lib</Filter>
    </ClInclude>
  </ItemGroup>
  <ItemGroup>
    <Filter Include="lib">
      <UniqueIdentifier>{9dcff3e5-80ab-49d3-b376-a8c109d895be}</UniqueIdentifier>
    </Filter>
  </ItemGroup>
  <ItemGroup>
    <None Include="packages.config">
      <Filter>lib</Filter>
    </None>
  </ItemGroup>
</Project>